
Microsoft Visual Studio Solution File, Format Version 12.00
# Visual Studio Version 17
VisualStudioVersion = 17.6.33815.320
MinimumVisualStudioVersion = 10.0.40219.1
Project("{FAE04EC0-301F-11D3-BF4B-00C04F79EFBC}") = "FunctionApp1", "FunctionApp1\FunctionApp1.csproj", "{56305913-B277-4D03-8A76-0093489E9FC3}"
EndProject
Global
	GlobalSection(SolutionConfigurationPlatforms) = preSolution
		Debug|Any CPU = Debug|Any CPU
		Release|Any CPU = Release|Any CPU
	EndGlobalSection
	GlobalSection(ProjectConfigurationPlatforms) = postSolution
		{56305913-B277-4D03-8A76-0093489E9FC3}.Debug|Any CPU.ActiveCfg = Debug|Any CPU
		{56305913-B277-4D03-8A76-0093489E9FC3}.Debug|Any CPU.Build.0 = Debug|Any CPU
		{56305913-B277-4D03-8A76-0093489E9FC3}.Release|Any CPU.ActiveCfg = Release|Any CPU
		{56305913-B277-4D03-8A76-0093489E9FC3}.Release|Any CPU.Build.0 = Release|Any CPU
	EndGlobalSection
	GlobalSection(SolutionProperties) = preSolution
		HideSolutionNode = FALSE
	EndGlobalSection
	GlobalSection(ExtensibilityGlobals) = postSolution
		SolutionGuid = {501E79F9-7187-4E12-A28D-3DD03E7BD3AB}
	EndGlobalSection
EndGlobal
